
Microsoft Visual Studio Solution File, Format Version 12.00
Project("{FAE04EC0-301F-11D3-BF4B-00C04F79EFBC}") = "OptionTestApp", "OptionTestApp\OptionTestApp.csproj", "{349DBCA5-A95B-4D15-A27A-3EDC51E52E13}"
EndProject
Project("{FAE04EC0-301F-11D3-BF4B-00C04F79EFBC}") = "ObservableOptions", "ObservableOptions\ObservableOptions.csproj", "{D42E73EE-117C-4538-9871-3D6AD89428CE}"
EndProject
Global
	GlobalSection(SolutionConfigurationPlatforms) = preSolution
		Debug|Any CPU = Debug|Any CPU
		Release|Any CPU = Release|Any CPU
	EndGlobalSection
	GlobalSection(ProjectConfigurationPlatforms) = postSolution
		{349DBCA5-A95B-4D15-A27A-3EDC51E52E13}.Debug|Any CPU.ActiveCfg = Debug|Any CPU
		{349DBCA5-A95B-4D15-A27A-3EDC51E52E13}.Debug|Any CPU.Build.0 = Debug|Any CPU
		{349DBCA5-A95B-4D15-A27A-3EDC51E52E13}.Release|Any CPU.ActiveCfg = Release|Any CPU
		{349DBCA5-A95B-4D15-A27A-3EDC51E52E13}.Release|Any CPU.Build.0 = Release|Any CPU
		{D42E73EE-117C-4538-9871-3D6AD89428CE}.Debug|Any CPU.ActiveCfg = Debug|Any CPU
		{D42E73EE-117C-4538-9871-3D6AD89428CE}.Debug|Any CPU.Build.0 = Debug|Any CPU
		{D42E73EE-117C-4538-9871-3D6AD89428CE}.Release|Any CPU.ActiveCfg = Release|Any CPU
		{D42E73EE-117C-4538-9871-3D6AD89428CE}.Release|Any CPU.Build.0 = Release|Any CPU
	EndGlobalSection
EndGlobal
